
Microsoft Visual Studio Solution File, Format Version 12.00
# Visual Studio Version 17
VisualStudioVersion = 17.7.34024.191
MinimumVisualStudioVersion = 10.0.40219.1
Project("{FAE04EC0-301F-11D3-BF4B-00C04F79EFBC}") = "paintcompanyrepository", "paintcompanyrepository\paintcompanyrepository.csproj", "{012F82A9-BA9B-48AA-85E6-32DFE9E3038B}"
EndProject
Project("{FAE04EC0-301F-11D3-BF4B-00C04F79EFBC}") = "paintcompanyrepository.Data", "paintcompanyrepository.Data\paintcompanyrepository.Data.csproj", "{2DA33405-4A29-4B5D-B3D1-AC6CCF03D888}"
EndProject
Project("{FAE04EC0-301F-11D3-BF4B-00C04F79EFBC}") = "paintcompanyrepository.Model", "paintcompanyrepository.Model\paintcompanyrepository.Model.csproj", "{BF2EF052-7163-482D-B03E-1217BC45AB0A}"
EndProject
Global
	GlobalSection(SolutionConfigurationPlatforms) = preSolution
		Debug|Any CPU = Debug|Any CPU
		Release|Any CPU = Release|Any CPU
	EndGlobalSection
	GlobalSection(ProjectConfigurationPlatforms) = postSolution
		{012F82A9-BA9B-48AA-85E6-32DFE9E3038B}.Debug|Any CPU.ActiveCfg = Debug|Any CPU
		{012F82A9-BA9B-48AA-85E6-32DFE9E3038B}.Debug|Any CPU.Build.0 = Debug|Any CPU
		{012F82A9-BA9B-48AA-85E6-32DFE9E3038B}.Release|Any CPU.ActiveCfg = Release|Any CPU
		{012F82A9-BA9B-48AA-85E6-32DFE9E3038B}.Release|Any CPU.Build.0 = Release|Any CPU
		{2DA33405-4A29-4B5D-B3D1-AC6CCF03D888}.Debug|Any CPU.ActiveCfg = Debug|Any CPU
		{2DA33405-4A29-4B5D-B3D1-AC6CCF03D888}.Debug|Any CPU.Build.0 = Debug|Any CPU
		{2DA33405-4A29-4B5D-B3D1-AC6CCF03D888}.Release|Any CPU.ActiveCfg = Release|Any CPU
		{2DA33405-4A29-4B5D-B3D1-AC6CCF03D888}.Release|Any CPU.Build.0 = Release|Any CPU
		{BF2EF052-7163-482D-B03E-1217BC45AB0A}.Debug|Any CPU.ActiveCfg = Debug|Any CPU
		{BF2EF052-7163-482D-B03E-1217BC45AB0A}.Debug|Any CPU.Build.0 = Debug|Any CPU
		{BF2EF052-7163-482D-B03E-1217BC45AB0A}.Release|Any CPU.ActiveCfg = Release|Any CPU
		{BF2EF052-7163-482D-B03E-1217BC45AB0A}.Release|Any CPU.Build.0 = Release|Any CPU
	EndGlobalSection
	GlobalSection(SolutionProperties) = preSolution
		HideSolutionNode = FALSE
	EndGlobalSection
	GlobalSection(ExtensibilityGlobals) = postSolution
		SolutionGuid = {0093640C-B001-49A4-B0E0-96EBC0D3C237}
	EndGlobalSection
EndGlobal
